
Microsoft Visual Studio Solution File, Format Version 12.00
# Visual Studio Version 17
VisualStudioVersion = 17.2.32630.192
MinimumVisualStudioVersion = 10.0.40219.1
Project("{FAE04EC0-301F-11D3-BF4B-00C04F79EFBC}") = "WebCrawler", "WebCrawler\WebCrawler.csproj", "{6D27CA98-2169-422C-A4D2-F0C6ED81BCEA}"
EndProject
Global
	GlobalSection(SolutionConfigurationPlatforms) = preSolution
		Debug|Any CPU = Debug|Any CPU
		Release|Any CPU = Release|Any CPU
	EndGlobalSection
	GlobalSection(ProjectConfigurationPlatforms) = postSolution
		{6D27CA98-2169-422C-A4D2-F0C6ED81BCEA}.Debug|Any CPU.ActiveCfg = Debug|Any CPU
		{6D27CA98-2169-422C-A4D2-F0C6ED81BCEA}.Debug|Any CPU.Build.0 = Debug|Any CPU
		{6D27CA98-2169-422C-A4D2-F0C6ED81BCEA}.Release|Any CPU.ActiveCfg = Release|Any CPU
		{6D27CA98-2169-422C-A4D2-F0C6ED81BCEA}.Release|Any CPU.Build.0 = Release|Any CPU
	EndGlobalSection
	GlobalSection(SolutionProperties) = preSolution
		HideSolutionNode = FALSE
	EndGlobalSection
	GlobalSection(ExtensibilityGlobals) = postSolution
		SolutionGuid = {E0CEF46C-9A05-494B-9D30-5E8E5442607F}
	EndGlobalSection
EndGlobal
